
Microsoft Visual Studio Solution File, Format Version 12.00
# Visual Studio Version 17
VisualStudioVersion = 17.11.35327.3
MinimumVisualStudioVersion = 10.0.40219.1
Project("{FAE04EC0-301F-11D3-BF4B-00C04F79EFBC}") = "TechStore.Web", "TechStore.Web\TechStore.Web.csproj", "{DD9D9EEA-E95D-44C9-A445-2919C5A496F4}"
EndProject
Project("{FAE04EC0-301F-11D3-BF4B-00C04F79EFBC}") = "TechStore.Core", "TechStore.Core\TechStore.Core.csproj", "{A625D247-0281-4CCC-A4F0-B48B8C4FD7F5}"
EndProject
Project("{FAE04EC0-301F-11D3-BF4B-00C04F79EFBC}") = "TechStore.Infrastructure", "TechStore.Infrastructure\TechStore.Infrastructure.csproj", "{094D5687-5583-4F45-9859-BF5084904E01}"
EndProject
Global
	GlobalSection(SolutionConfigurationPlatforms) = preSolution
		Debug|Any CPU = Debug|Any CPU
		Release|Any CPU = Release|Any CPU
	EndGlobalSection
	GlobalSection(ProjectConfigurationPlatforms) = postSolution
		{DD9D9EEA-E95D-44C9-A445-2919C5A496F4}.Debug|Any CPU.ActiveCfg = Debug|Any CPU
		{DD9D9EEA-E95D-44C9-A445-2919C5A496F4}.Debug|Any CPU.Build.0 = Debug|Any CPU
		{DD9D9EEA-E95D-44C9-A445-2919C5A496F4}.Release|Any CPU.ActiveCfg = Release|Any CPU
		{DD9D9EEA-E95D-44C9-A445-2919C5A496F4}.Release|Any CPU.Build.0 = Release|Any CPU
		{A625D247-0281-4CCC-A4F0-B48B8C4FD7F5}.Debug|Any CPU.ActiveCfg = Debug|Any CPU
		{A625D247-0281-4CCC-A4F0-B48B8C4FD7F5}.Debug|Any CPU.Build.0 = Debug|Any CPU
		{A625D247-0281-4CCC-A4F0-B48B8C4FD7F5}.Release|Any CPU.ActiveCfg = Release|Any CPU
		{A625D247-0281-4CCC-A4F0-B48B8C4FD7F5}.Release|Any CPU.Build.0 = Release|Any CPU
		{094D5687-5583-4F45-9859-BF5084904E01}.Debug|Any CPU.ActiveCfg = Debug|Any CPU
		{094D5687-5583-4F45-9859-BF5084904E01}.Debug|Any CPU.Build.0 = Debug|Any CPU
		{094D5687-5583-4F45-9859-BF5084904E01}.Release|Any CPU.ActiveCfg = Release|Any CPU
		{094D5687-5583-4F45-9859-BF5084904E01}.Release|Any CPU.Build.0 = Release|Any CPU
	EndGlobalSection
	GlobalSection(SolutionProperties) = preSolution
		HideSolutionNode = FALSE
	EndGlobalSection
	GlobalSection(ExtensibilityGlobals) = postSolution
		SolutionGuid = {907FEC44-8507-43BA-86E9-38ED26A1A466}
	EndGlobalSection
EndGlobal
